<?xml version="1.0" encoding="utf-8"?>
<Project ToolsVersion="4.0" xmlns="http://schemas.microsoft.com/developer/msbuild/2003">
  <ItemGroup>
    <ClCompile Include="..\camera\Camera.cpp" />
    <ClCompile Include="..\game\Game.cpp" />
    <ClCompile Include="..\generators\ColorGenerator.cpp" />
    <ClCompile Include="..\generators\PerlinNoiseGenerator.cpp" />
    <ClCompile Include="..\keyboard\Keyboard.cpp" />
    <ClCompile Include="..\main\main.cpp" />
    <ClCompile Include="..\mesh\CubeMesh.cpp" />
    <ClCompile Include="..\mesh\BranchMesh.cpp" />
    <ClCompile Include="..\mesh\Leaves2Mesh.cpp" />
    <ClCompile Include="..\mesh\LeavesMesh.cpp" />
    <ClCompile Include="..\mesh\Mesh.cpp" />
    <ClCompile Include="..\mesh\RockMesh.cpp" />
    <ClCompile Include="..\mesh\TerrainMesh.cpp" />
    <ClCompile Include="..\model\CubeModel.cpp" />
    <ClCompile Include="..\model\Model.cpp" />
    <ClCompile Include="..\model\RockModel.cpp" />
    <ClCompile Include="..\model\TerrainModel.cpp" />
    <ClCompile Include="..\model\TreeModel.cpp" />
    <ClCompile Include="..\shader\Shader.cpp" />
    <ClCompile Include="..\terrain_generator\TerrainGenerator.cpp" />
    <ClCompile Include="..\texture\Texture.cpp" />
    <ClCompile Include="..\window\WindowException.cpp" />
    <ClCompile Include="..\window\WindowManager.cpp" />
  </ItemGroup>
  <ItemGroup>
    <ClInclude Include="..\camera\Camera.h" />
    <ClInclude Include="..\game\Game.h" />
    <ClInclude Include="..\generators\ColorGenerator.h" />
    <ClInclude Include="..\generators\PerlinNoiseGenerator.h" />
    <ClInclude Include="..\keyboard\Keyboard.h" />
    <ClInclude Include="..\mesh\BranchMesh.h" />
    <ClInclude Include="..\mesh\Leaves2Mesh.h" />
    <ClInclude Include="..\mesh\LeavesMesh.h" />
    <ClInclude Include="..\mesh\CubeMesh.h" />
    <ClInclude Include="..\mesh\Mesh.h" />
    <ClInclude Include="..\mesh\RockMesh.h" />
    <ClInclude Include="..\mesh\TerrainMesh.h" />
    <ClInclude Include="..\model\CubeModel.h" />
    <ClInclude Include="..\model\Model.h" />
    <ClInclude Include="..\model\RockModel.h" />
    <ClInclude Include="..\model\TerrainModel.h" />
    <ClInclude Include="..\model\TreeModel.h" />
    <ClInclude Include="..\shader\Shader.h" />
    <ClInclude Include="..\terrain_generator\TerrainGenerator.h" />
    <ClInclude Include="..\texture\Texture.h" />
    <ClInclude Include="..\window\WindowException.h" />
    <ClInclude Include="..\window\WindowManager.h" />
  </ItemGroup>
  <ItemGroup>
    <None Include="..\shaders\basic\fs.glsl" />
    <None Include="..\shaders\basic\vs.glsl" />
  </ItemGroup>
</Project>